
Microsoft Visual Studio Solution File, Format Version 12.00
# Visual Studio 14
VisualStudioVersion = 14.0.25420.1
MinimumVisualStudioVersion = 10.0.40219.1
Project("{FAE04EC0-301F-11D3-BF4B-00C04F79EFBC}") = "Library", "Library\Library.csproj", "{67F2DC48-3E98-484E-97BD-412F529E773C}"
EndProject
Project("{FAE04EC0-301F-11D3-BF4B-00C04F79EFBC}") = "Helper", "Helper\Helper.csproj", "{EAE98362-4036-4FEB-AF9B-516D643DE24B}"
EndProject
Project("{FAE04EC0-301F-11D3-BF4B-00C04F79EFBC}") = "LibraryApp", "LibraryApp\LibraryApp.csproj", "{5F6CBE3C-6657-4BBB-94EC-FB11832DE63E}"
EndProject
Project("{FAE04EC0-301F-11D3-BF4B-00C04F79EFBC}") = "Resource", "Resource\Resource.csproj", "{63EEA463-2F08-4C36-8988-9994405F5039}"
EndProject
Project("{FAE04EC0-301F-11D3-BF4B-00C04F79EFBC}") = "Test", "Test\Test.csproj", "{E1827BC8-F9B4-4DFF-8EC2-3677BCD1BB5B}"
EndProject
Global
	GlobalSection(SolutionConfigurationPlatforms) = preSolution
		Debug|Any CPU = Debug|Any CPU
		Release|Any CPU = Release|Any CPU
	EndGlobalSection
	GlobalSection(ProjectConfigurationPlatforms) = postSolution
		{67F2DC48-3E98-484E-97BD-412F529E773C}.Debug|Any CPU.ActiveCfg = Debug|Any CPU
		{67F2DC48-3E98-484E-97BD-412F529E773C}.Debug|Any CPU.Build.0 = Debug|Any CPU
		{67F2DC48-3E98-484E-97BD-412F529E773C}.Release|Any CPU.ActiveCfg = Release|Any CPU
		{67F2DC48-3E98-484E-97BD-412F529E773C}.Release|Any CPU.Build.0 = Release|Any CPU
		{EAE98362-4036-4FEB-AF9B-516D643DE24B}.Debug|Any CPU.ActiveCfg = Debug|Any CPU
		{EAE98362-4036-4FEB-AF9B-516D643DE24B}.Debug|Any CPU.Build.0 = Debug|Any CPU
		{EAE98362-4036-4FEB-AF9B-516D643DE24B}.Release|Any CPU.ActiveCfg = Release|Any CPU
		{EAE98362-4036-4FEB-AF9B-516D643DE24B}.Release|Any CPU.Build.0 = Release|Any CPU
		{5F6CBE3C-6657-4BBB-94EC-FB11832DE63E}.Debug|Any CPU.ActiveCfg = Debug|Any CPU
		{5F6CBE3C-6657-4BBB-94EC-FB11832DE63E}.Debug|Any CPU.Build.0 = Debug|Any CPU
		{5F6CBE3C-6657-4BBB-94EC-FB11832DE63E}.Release|Any CPU.ActiveCfg = Release|Any CPU
		{5F6CBE3C-6657-4BBB-94EC-FB11832DE63E}.Release|Any CPU.Build.0 = Release|Any CPU
		{63EEA463-2F08-4C36-8988-9994405F5039}.Debug|Any CPU.ActiveCfg = Debug|Any CPU
		{63EEA463-2F08-4C36-8988-9994405F5039}.Debug|Any CPU.Build.0 = Debug|Any CPU
		{63EEA463-2F08-4C36-8988-9994405F5039}.Release|Any CPU.ActiveCfg = Release|Any CPU
		{63EEA463-2F08-4C36-8988-9994405F5039}.Release|Any CPU.Build.0 = Release|Any CPU
		{E1827BC8-F9B4-4DFF-8EC2-3677BCD1BB5B}.Debug|Any CPU.ActiveCfg = Debug|Any CPU
		{E1827BC8-F9B4-4DFF-8EC2-3677BCD1BB5B}.Debug|Any CPU.Build.0 = Debug|Any CPU
		{E1827BC8-F9B4-4DFF-8EC2-3677BCD1BB5B}.Release|Any CPU.ActiveCfg = Release|Any CPU
		{E1827BC8-F9B4-4DFF-8EC2-3677BCD1BB5B}.Release|Any CPU.Build.0 = Release|Any CPU
	EndGlobalSection
	GlobalSection(SolutionProperties) = preSolution
		HideSolutionNode = FALSE
	EndGlobalSection
EndGlobal
